
Microsoft Visual Studio Solution File, Format Version 12.00
# Visual Studio Version 17
VisualStudioVersion = 17.9.34714.143
MinimumVisualStudioVersion = 10.0.40219.1
Project("{FAE04EC0-301F-11D3-BF4B-00C04F79EFBC}") = "School", "School.csproj", "{07434C3D-1D4F-46DF-85AB-3A731257ECBC}"
EndProject
Global
	GlobalSection(SolutionConfigurationPlatforms) = preSolution
		Debug|Any CPU = Debug|Any CPU
		Release|Any CPU = Release|Any CPU
	EndGlobalSection
	GlobalSection(ProjectConfigurationPlatforms) = postSolution
		{07434C3D-1D4F-46DF-85AB-3A731257ECBC}.Debug|Any CPU.ActiveCfg = Debug|Any CPU
		{07434C3D-1D4F-46DF-85AB-3A731257ECBC}.Debug|Any CPU.Build.0 = Debug|Any CPU
		{07434C3D-1D4F-46DF-85AB-3A731257ECBC}.Release|Any CPU.ActiveCfg = Release|Any CPU
		{07434C3D-1D4F-46DF-85AB-3A731257ECBC}.Release|Any CPU.Build.0 = Release|Any CPU
	EndGlobalSection
	GlobalSection(SolutionProperties) = preSolution
		HideSolutionNode = FALSE
	EndGlobalSection
	GlobalSection(ExtensibilityGlobals) = postSolution
		SolutionGuid = {41A9D8ED-8F82-4EDA-AFCF-22A4C6E50D6A}
	EndGlobalSection
EndGlobal
