
Microsoft Visual Studio Solution File, Format Version 12.00
# Visual Studio Version 17
VisualStudioVersion = 17.9.34714.143
MinimumVisualStudioVersion = 10.0.40219.1
Project("{FAE04EC0-301F-11D3-BF4B-00C04F79EFBC}") = "Spotify-DSPSb", "Spotify-DSPSb.csproj", "{3D1CE8F7-6A0D-458F-A414-2725EEBE5406}"
EndProject
Global
	GlobalSection(SolutionConfigurationPlatforms) = preSolution
		Debug|Any CPU = Debug|Any CPU
		Release|Any CPU = Release|Any CPU
	EndGlobalSection
	GlobalSection(ProjectConfigurationPlatforms) = postSolution
		{3D1CE8F7-6A0D-458F-A414-2725EEBE5406}.Debug|Any CPU.ActiveCfg = Debug|Any CPU
		{3D1CE8F7-6A0D-458F-A414-2725EEBE5406}.Debug|Any CPU.Build.0 = Debug|Any CPU
		{3D1CE8F7-6A0D-458F-A414-2725EEBE5406}.Release|Any CPU.ActiveCfg = Release|Any CPU
		{3D1CE8F7-6A0D-458F-A414-2725EEBE5406}.Release|Any CPU.Build.0 = Release|Any CPU
	EndGlobalSection
	GlobalSection(SolutionProperties) = preSolution
		HideSolutionNode = FALSE
	EndGlobalSection
	GlobalSection(ExtensibilityGlobals) = postSolution
		SolutionGuid = {B471B435-FA2C-4EF3-8997-DED40221CAA2}
	EndGlobalSection
EndGlobal
